
Microsoft Visual Studio Solution File, Format Version 12.00
# Visual Studio Version 17
VisualStudioVersion = 17.4.33213.308
MinimumVisualStudioVersion = 10.0.40219.1
Project("{FAE04EC0-301F-11D3-BF4B-00C04F79EFBC}") = "DesignPatterns_Mediator", "DesignPatterns_Mediator\DesignPatterns_Mediator.csproj", "{C5984FE5-722F-42B1-9966-21D8629D5AD6}"
EndProject
Global
	GlobalSection(SolutionConfigurationPlatforms) = preSolution
		Debug|Any CPU = Debug|Any CPU
		Release|Any CPU = Release|Any CPU
	EndGlobalSection
	GlobalSection(ProjectConfigurationPlatforms) = postSolution
		{C5984FE5-722F-42B1-9966-21D8629D5AD6}.Debug|Any CPU.ActiveCfg = Debug|Any CPU
		{C5984FE5-722F-42B1-9966-21D8629D5AD6}.Debug|Any CPU.Build.0 = Debug|Any CPU
		{C5984FE5-722F-42B1-9966-21D8629D5AD6}.Release|Any CPU.ActiveCfg = Release|Any CPU
		{C5984FE5-722F-42B1-9966-21D8629D5AD6}.Release|Any CPU.Build.0 = Release|Any CPU
	EndGlobalSection
	GlobalSection(SolutionProperties) = preSolution
		HideSolutionNode = FALSE
	EndGlobalSection
	GlobalSection(ExtensibilityGlobals) = postSolution
		SolutionGuid = {6C1AFE6C-F436-4863-89F3-7F774527F250}
	EndGlobalSection
EndGlobal
